
Microsoft Visual Studio Solution File, Format Version 12.00
# Visual Studio Version 17
VisualStudioVersion = 17.14.36221.1 d17.14
MinimumVisualStudioVersion = 10.0.40219.1
Project("{FAE04EC0-301F-11D3-BF4B-00C04F79EFBC}") = "Rendelesek", "Rendelesek\Rendelesek.csproj", "{4A6D1D1E-C9DB-4492-9C31-1492F38D65E4}"
EndProject
Global
	GlobalSection(SolutionConfigurationPlatforms) = preSolution
		Debug|Any CPU = Debug|Any CPU
		Release|Any CPU = Release|Any CPU
	EndGlobalSection
	GlobalSection(ProjectConfigurationPlatforms) = postSolution
		{4A6D1D1E-C9DB-4492-9C31-1492F38D65E4}.Debug|Any CPU.ActiveCfg = Debug|Any CPU
		{4A6D1D1E-C9DB-4492-9C31-1492F38D65E4}.Debug|Any CPU.Build.0 = Debug|Any CPU
		{4A6D1D1E-C9DB-4492-9C31-1492F38D65E4}.Release|Any CPU.ActiveCfg = Release|Any CPU
		{4A6D1D1E-C9DB-4492-9C31-1492F38D65E4}.Release|Any CPU.Build.0 = Release|Any CPU
	EndGlobalSection
	GlobalSection(SolutionProperties) = preSolution
		HideSolutionNode = FALSE
	EndGlobalSection
	GlobalSection(ExtensibilityGlobals) = postSolution
		SolutionGuid = {4B6E5505-B50A-42E9-83B9-88E04768FAA2}
	EndGlobalSection
EndGlobal
